// !$*UTF8*$!
{
	archiveVersion = 1;
	classes = {
	};
	objectVersion = 46;
	objects = {

/* Begin PBXBuildFile section */
		44AFDDEB1C148802005AAA38 /* AppDelegate.swift in Sources */ = {isa = PBXBuildFile; fileRef = 44AFDDEA1C148802005AAA38 /* AppDelegate.swift */; };
		44AFDDED1C148802005AAA38 /* ViewController.swift in Sources */ = {isa = PBXBuildFile; fileRef = 44AFDDEC1C148802005AAA38 /* ViewController.swift */; };
		44AFDDF01C148802005AAA38 /* Main.storyboard in Resources */ = {isa = PBXBuildFile; fileRef = 44AFDDEE1C148802005AAA38 /* Main.storyboard */; };
		44AFDDF21C148802005AAA38 /* Assets.xcassets in Resources */ = {isa = PBXBuildFile; fileRef = 44AFDDF11C148802005AAA38 /* Assets.xcassets */; };
		44AFDDF51C148802005AAA38 /* LaunchScreen.storyboard in Resources */ = {isa = PBXBuildFile; fileRef = 44AFDDF31C148802005AAA38 /* LaunchScreen.storyboard */; };
		44AFDDFD1C148A83005AAA38 /* SettingsViewController.swift in Sources */ = {isa = PBXBuildFile; fileRef = 44AFDDFC1C148A83005AAA38 /* SettingsViewController.swift */; };
/* End PBXBuildFile section */

/* Begin PBXFileReference section */
		44AFDDE71C148802005AAA38 /* Tips.app */ = {isa = PBXFileReference; explicitFileType = wrapper.application; includeInIndex = 0; path = Tips.app; sourceTree = BUILT_PRODUCTS_DIR; };
		44AFDDEA1C148802005AAA38 /* AppDelegate.swift */ = {isa = PBXFileReference; lastKnownFileType = sourcecode.swift; path = AppDelegate.swift; sourceTree = "<group>"; };
		44AFDDEC1C148802005AAA38 /* ViewController.swift */ = {isa = PBXFileReference; lastKnownFileType = sourcecode.swift; path = ViewController.swift; sourceTree = "<group>"; };
		44AFDDEF1C148802005AAA38 /* Base */ = {isa = PBXFileReference; lastKnownFileType = file.storyboard; name = Base; path = Base.lproj/Main.storyboard; sourceTree = "<group>"; };
		44AFDDF11C148802005AAA38 /* Assets.xcassets */ = {isa = PBXFileReference; lastKnownFileType = folder.assetcatalog; path = Assets.xcassets; sourceTree = "<group>"; };
		44AFDDF41C148802005AAA38 /* Base */ = {isa = PBXFileReference; lastKnownFileType = file.storyboard; name = Base; path = Base.lproj/LaunchScreen.storyboard; sourceTree = "<group>"; };
		44AFDDF61C148802005AAA38 /* Info.plist */ = {isa = PBXFileReference; lastKnownFileType = text.plist.xml; path = Info.plist; sourceTree = "<group>"; };
		44AFDDFC1C148A83005AAA38 /* SettingsViewController.swift */ = {isa = PBXFileReference; fileEncoding = 4; lastKnownFileType = sourcecode.swift; path = SettingsViewController.swift; sourceTree = "<group>"; };
/* End PBXFileReference section */

/* Begin PBXFrameworksBuildPhase section */
		44AFDDE41C148802005AAA38 /* Frameworks */ = {
			isa = PBXFrameworksBuildPhase;
			buildActionMask = 2147483647;
			files = (
			);
			runOnlyForDeploymentPostprocessing = 0;
		};
/* End PBXFrameworksBuildPhase section */

/* Begin PBXGroup section */
		44AFDDDE1C148802005AAA38 = {
			isa = PBXGroup;
			children = (
				44AFDDE91C148802005AAA38 /* Tips */,
				44AFDDE81C148802005AAA38 /* Products */,
			);
			sourceTree = "<group>";
		};
		44AFDDE81C148802005AAA38 /* Products */ = {
			isa = PBXGroup;
			children = (
				44AFDDE71C148802005AAA38 /* Tips.app */,
			);
			name = Products;
			sourceTree = "<group>";
		};
		44AFDDE91C148802005AAA38 /* Tips */ = {
			isa = PBXGroup;
			children = (
				44AFDDEA1C148802005AAA38 /* AppDelegate.swift */,
				44AFDDEC1C148802005AAA38 /* ViewController.swift */,
				44AFDDEE1C148802005AAA38 /* Main.storyboard */,
				44AFDDFC1C148A83005AAA38 /* SettingsViewController.swift */,
				44AFDDF11C148802005AAA38 /* Assets.xcassets */,
				44AFDDF31C148802005AAA38 /* LaunchScreen.storyboard */,
				44AFDDF61C148802005AAA38 /* Info.plist */,
			);
			path = Tips;
			sourceTree = "<group>";
		};
/* End PBXGroup section */

/* Begin PBXNativeTarget section */
		44AFDDE61C148802005AAA38 /* Tips */ = {
			isa = PBXNativeTarget;
			buildConfigurationList = 44AFDDF91C148802005AAA38 /* Build configuration list for PBXNativeTarget "Tips" */;
			buildPhases = (
				44AFDDE31C148802005AAA38 /* Sources */,
				44AFDDE41C148802005AAA38 /* Frameworks */,
				44AFDDE51C148802005AAA38 /* Resources */,
			);
			buildRules = (
			);
			dependencies = (
			);
			name = Tips;
			productName = Tips;
			productReference = 44AFDDE71C148802005AAA38 /* Tips.app */;
			productType = "com.apple.product-type.application";
		};
/* End PBXNativeTarget section */

/* Begin PBXProject section */
		44AFDDDF1C148802005AAA38 /* Project object */ = {
			isa = PBXProject;
			attributes = {
				LastSwiftUpdateCheck = 0710;
				LastUpgradeCheck = 0710;
				ORGANIZATIONNAME = Harpreet;
				TargetAttributes = {
					44AFDDE61C148802005AAA38 = {
						CreatedOnToolsVersion = 7.1.1;
						DevelopmentTeam = PAJ27H2J9E;
					};
				};
			};
			buildConfigurationList = 44AFDDE21C148802005AAA38 /* Build configuration list for PBXProject "Tips" */;
			compatibilityVersion = "Xcode 3.2";
			developmentRegion = English;
			hasScannedForEncodings = 0;
			knownRegions = (
				en,
				Base,
			);
			mainGroup = 44AFDDDE1C148802005AAA38;
			productRefGroup = 44AFDDE81C148802005AAA38 /* Products */;
			projectDirPath = "";
			projectRoot = "";
			targets = (
				44AFDDE61C148802005AAA38 /* Tips */,
			);
		};
/* End PBXProject section */

/* Begin PBXResourcesBuildPhase section */
		44AFDDE51C148802005AAA38 /* Resources */ = {
			isa = PBXResourcesBuildPhase;
			buildActionMask = 2147483647;
			files = (
				44AFDDF51C148802005AAA38 /* LaunchScreen.storyboard in Resources */,
				44AFDDF21C148802005AAA38 /* Assets.xcassets in Resources */,
				44AFDDF01C148802005AAA38 /* Main.storyboard in Resources */,
			);
			runOnlyForDeploymentPostprocessing = 0;
		};
/* End PBXResourcesBuildPhase section */

/* Begin PBXSourcesBuildPhase section */
		44AFDDE31C148802005AAA38 /* Sources */ = {
			isa = PBXSourcesBuildPhase;
			buildActionMask = 2147483647;
			files = (
				44AFDDED1C148802005AAA38 /* ViewController.swift in Sources */,
				44AFDDEB1C148802005AAA38 /* AppDelegate.swift in Sources */,
				44AFDDFD1C148A83005AAA38 /* SettingsViewController.swift in Sources */,
			);
			runOnlyForDeploymentPostprocessing = 0;
		};
/* End PBXSourcesBuildPhase section */

/* Begin PBXVariantGroup section */
		44AFDDEE1C148802005AAA38 /* Main.storyboard */ = {
			isa = PBXVariantGroup;
			children = (
				44AFDDEF1C148802005AAA38 /* Base */,
			);
			name = Main.storyboard;
			sourceTree = "<group>";
		};
		44AFDDF31C148802005AAA38 /* LaunchScreen.storyboard */ = {
			isa = PBXVariantGroup;
			children = (
				44AFDDF41C148802005AAA38 /* Base */,
			);
			name = LaunchScreen.storyboard;
			sourceTree = "<group>";
		};
/* End PBXVariantGroup section */

/* Begin XCBuildConfiguration section */
		44AFDDF71C148802005AAA38 /* Debug */ = {
			isa = XCBuildConfiguration;
			buildSettings = {
				ALWAYS_SEARCH_USER_PATHS = NO;
				CLANG_CXX_LANGUAGE_STANDARD = "gnu++0x";
				CLANG_CXX_LIBRARY = "libc++";
				CLANG_ENABLE_MODULES = YES;
				CLANG_ENABLE_OBJC_ARC = YES;
				CLANG_WARN_BOOL_CONVERSION = YES;
				CLANG_WARN_CONSTANT_CONVERSION = YES;
				CLANG_WARN_DIRECT_OBJC_ISA_USAGE = YES_ERROR;
				CLANG_WARN_EMPTY_BODY = YES;
				CLANG_WARN_ENUM_CONVERSION = YES;
				CLANG_WARN_INT_CONVERSION = YES;
				CLANG_WARN_OBJC_ROOT_CLASS = YES_ERROR;
				CLANG_WARN_UNREACHABLE_CODE = YES;
				CLANG_WARN__DUPLICATE_METHOD_MATCH = YES;
				"CODE_SIGN_IDENTITY[sdk=iphoneos*]" = "iPhone Developer";
				COPY_PHASE_STRIP = NO;
				DEBUG_INFORMATION_FORMAT = dwarf;
				ENABLE_STRICT_OBJC_MSGSEND = YES;
				ENABLE_TESTABILITY = YES;
				GCC_C_LANGUAGE_STANDARD = gnu99;
				GCC_DYNAMIC_NO_PIC = NO;
				GCC_NO_COMMON_BLOCKS = YES;
				GCC_OPTIMIZATION_LEVEL = 0;
				GCC_PREPROCESSOR_DEFINITIONS = (
					"DEBUG=1",
					"$(inherited)",
				);
				GCC_WARN_64_TO_32_BIT_CONVERSION = YES;
				GCC_WARN_ABOUT_RETURN_TYPE = YES_ERROR;
				GCC_WARN_UNDECLARED_SELECTOR = YES;
				GCC_WARN_UNINITIALIZED_AUTOS = YES_AGGRESSIVE;
				GCC_WARN_UNUSED_FUNCTION = YES;
				GCC_WARN_UNUSED_VARIABLE = YES;
				IPHONEOS_DEPLOYMENT_TARGET = 9.1;
				MTL_ENABLE_DEBUG_INFO = YES;
				ONLY_ACTIVE_ARCH = YES;
				SDKROOT = iphoneos;
				SWIFT_OPTIMIZATION_LEVEL = "-Onone";
			};
			name = Debug;
		};
		44AFDDF81C148802005AAA38 /* Release */ = {
			isa = XCBuildConfiguration;
			buildSettings = {
				ALWAYS_SEARCH_USER_PATHS = NO;
				CLANG_CXX_LANGUAGE_STANDARD = "gnu++0x";
				CLANG_CXX_LIBRARY = "libc++";
				CLANG_ENABLE_MODULES = YES;
				CLANG_ENABLE_OBJC_ARC = YES;
				CLANG_WARN_BOOL_CONVERSION = YES;
				CLANG_WARN_CONSTANT_CONVERSION = YES;
				CLANG_WARN_DIRECT_OBJC_ISA_USAGE = YES_ERROR;
				CLANG_WARN_EMPTY_BODY = YES;
				CLANG_WARN_ENUM_CONVERSION = YES;
				CLANG_WARN_INT_CONVERSION = YES;
				CLANG_WARN_OBJC_ROOT_CLASS = YES_ERROR;
				CLANG_WARN_UNREACHABLE_CODE = YES;
				CLANG_WARN__DUPLICATE_METHOD_MATCH = YES;
				"CODE_SIGN_IDENTITY[sdk=iphoneos*]" = "iPhone Developer";
				COPY_PHASE_STRIP = NO;
				DEBUG_INFORMATION_FORMAT = "dwarf-with-dsym";
				ENABLE_NS_ASSERTIONS = NO;
				ENABLE_STRICT_OBJC_MSGSEND = YES;
				GCC_C_LANGUAGE_STANDARD = gnu99;
				GCC_NO_COMMON_BLOCKS = YES;
				GCC_WARN_64_TO_32_BIT_CONVERSION = YES;
				GCC_WARN_ABOUT_RETURN_TYPE = YES_ERROR;
				GCC_WARN_UNDECLARED_SELECTOR = YES;
				GCC_WARN_UNINITIALIZED_AUTOS = YES_AGGRESSIVE;
				GCC_WARN_UNUSED_FUNCTION = YES;
				GCC_WARN_UNUSED_VARIABLE = YES;
				IPHONEOS_DEPLOYMENT_TARGET = 9.1;
				MTL_ENABLE_DEBUG_INFO = NO;
				SDKROOT = iphoneos;
				VALIDATE_PRODUCT = YES;
			};
			name = Release;
		};
		44AFDDFA1C148802005AAA38 /* Debug */ = {
			isa = XCBuildConfiguration;
			buildSettings = {
				ASSETCATALOG_COMPILER_APPICON_NAME = AppIcon;
				INFOPLIST_FILE = Tips/Info.plist;
				LD_RUNPATH_SEARCH_PATHS = "$(inherited) @executable_path/Frameworks";
				PRODUCT_BUNDLE_IDENTIFIER = Singh.Tips;
				PRODUCT_NAME = "$(TARGET_NAME)";
			};
			name = Debug;
		};
		44AFDDFB1C148802005AAA38 /* Release */ = {
			isa = XCBuildConfiguration;
			buildSettings = {
				ASSETCATALOG_COMPILER_APPICON_NAME = AppIcon;
				INFOPLIST_FILE = Tips/Info.plist;
				LD_RUNPATH_SEARCH_PATHS = "$(inherited) @executable_path/Frameworks";
				PRODUCT_BUNDLE_IDENTIFIER = Singh.Tips;
				PRODUCT_NAME = "$(TARGET_NAME)";
			};
			name = Release;
		};
/* End XCBuildConfiguration section */

/* Begin XCConfigurationList section */
		44AFDDE21C148802005AAA38 /* Build configuration list for PBXProject "Tips" */ = {
			isa = XCConfigurationList;
			buildConfigurations = (
				44AFDDF71C148802005AAA38 /* Debug */,
				44AFDDF81C148802005AAA38 /* Release */,
			);
			defaultConfigurationIsVisible = 0;
			defaultConfigurationName = Release;
		};
		44AFDDF91C148802005AAA38 /* Build configuration list for PBXNativeTarget "Tips" */ = {
			isa = XCConfigurationList;
			buildConfigurations = (
				44AFDDFA1C148802005AAA38 /* Debug */,
				44AFDDFB1C148802005AAA38 /* Release */,
			);
			defaultConfigurationIsVisible = 0;
		};
/* End XCConfigurationList section */
	};
	rootObject = 44AFDDDF1C148802005AAA38 /* Project object */;
}
